
Microsoft Visual Studio Solution File, Format Version 12.00
# Visual Studio Version 17
VisualStudioVersion = 17.0.31903.59
MinimumVisualStudioVersion = 10.0.40219.1
Project("{FAE04EC0-301F-11D3-BF4B-00C04F79EFBC}") = "client", "client\client.csproj", "{E1A0C3AB-6353-4CBD-8646-13BD114BD134}"
EndProject
Project("{FAE04EC0-301F-11D3-BF4B-00C04F79EFBC}") = "server", "server\server.csproj", "{995CEE7E-8937-478A-89F0-34E1E3693D94}"
EndProject
Global
	GlobalSection(SolutionConfigurationPlatforms) = preSolution
		Debug|Any CPU = Debug|Any CPU
		Release|Any CPU = Release|Any CPU
	EndGlobalSection
	GlobalSection(SolutionProperties) = preSolution
		HideSolutionNode = FALSE
	EndGlobalSection
	GlobalSection(ProjectConfigurationPlatforms) = postSolution
		{E1A0C3AB-6353-4CBD-8646-13BD114BD134}.Debug|Any CPU.ActiveCfg = Debug|Any CPU
		{E1A0C3AB-6353-4CBD-8646-13BD114BD134}.Debug|Any CPU.Build.0 = Debug|Any CPU
		{E1A0C3AB-6353-4CBD-8646-13BD114BD134}.Release|Any CPU.ActiveCfg = Release|Any CPU
		{E1A0C3AB-6353-4CBD-8646-13BD114BD134}.Release|Any CPU.Build.0 = Release|Any CPU
		{995CEE7E-8937-478A-89F0-34E1E3693D94}.Debug|Any CPU.ActiveCfg = Debug|Any CPU
		{995CEE7E-8937-478A-89F0-34E1E3693D94}.Debug|Any CPU.Build.0 = Debug|Any CPU
		{995CEE7E-8937-478A-89F0-34E1E3693D94}.Release|Any CPU.ActiveCfg = Release|Any CPU
		{995CEE7E-8937-478A-89F0-34E1E3693D94}.Release|Any CPU.Build.0 = Release|Any CPU
	EndGlobalSection
EndGlobal
